
Microsoft Visual Studio Solution File, Format Version 12.00
# Visual Studio Version 17
VisualStudioVersion = 17.11.35222.181
MinimumVisualStudioVersion = 10.0.40219.1
Project("{FAE04EC0-301F-11D3-BF4B-00C04F79EFBC}") = "DictionaryExample", "DictionaryExample\DictionaryExample.csproj", "{2728B60B-A34A-4FD9-AE62-AEF5CDBAFA34}"
EndProject
Global
	GlobalSection(SolutionConfigurationPlatforms) = preSolution
		Debug|Any CPU = Debug|Any CPU
		Release|Any CPU = Release|Any CPU
	EndGlobalSection
	GlobalSection(ProjectConfigurationPlatforms) = postSolution
		{2728B60B-A34A-4FD9-AE62-AEF5CDBAFA34}.Debug|Any CPU.ActiveCfg = Debug|Any CPU
		{2728B60B-A34A-4FD9-AE62-AEF5CDBAFA34}.Debug|Any CPU.Build.0 = Debug|Any CPU
		{2728B60B-A34A-4FD9-AE62-AEF5CDBAFA34}.Release|Any CPU.ActiveCfg = Release|Any CPU
		{2728B60B-A34A-4FD9-AE62-AEF5CDBAFA34}.Release|Any CPU.Build.0 = Release|Any CPU
	EndGlobalSection
	GlobalSection(SolutionProperties) = preSolution
		HideSolutionNode = FALSE
	EndGlobalSection
	GlobalSection(ExtensibilityGlobals) = postSolution
		SolutionGuid = {E434F10E-6C97-4651-9B44-503B8C5743C6}
	EndGlobalSection
EndGlobal
